github.com/crazy3lf/colorconv v1.2.0 h1:UM7kSZWnwFMGiC+PpYrjxQSOd6sEyWb+dRKKTd3KslA=
github.com/crazy3lf/colorconv v1.2.0/go.mod h1:2jTJ7QCWCj2sSLOhF4Gzi0J5/hoX8/VY8VzNvXAlD1I=
github.com/robfig/cron/v3 v3.0.1 h1:WdRxkvbJztn8LMz/QEvLN5sBU+xKpSqwwUO1Pjr4qDs=
github.com/robfig/cron/v3 v3.0.1/go.mod h1:eQICP3HwyT7UooqI/z+Ov+PtYAWygg1TEWWzGIFLtro=
